
Microsoft Visual Studio Solution File, Format Version 12.00
# Visual Studio Version 16
VisualStudioVersion = 16.0.29025.244
MinimumVisualStudioVersion = 10.0.40219.1
Project("{8BC9CEB8-8B4A-11D0-8D11-00A0C91BC942}") = "RradarSignalProcessDemo", "RradarSignalProcessDemo\RradarSignalProcessDemo.vcxproj", "{2E2EE7B3-A35B-458E-BAF6-368CD11BADA9}"
EndProject
Project("{8BC9CEB8-8B4A-11D0-8D11-00A0C91BC942}") = "ThisTestDemo", "ThisTestDemo\ThisTestDemo.vcxproj", "{023FF03A-FE88-4073-9479-90969C3DE045}"
EndProject
Project("{8BC9CEB8-8B4A-11D0-8D11-00A0C91BC942}") = "TestSTFTDemo", "TestSTFTDemo\TestSTFTDemo.vcxproj", "{766AD41C-708A-4532-8287-5EF1F3C8AB69}"
	ProjectSection(ProjectDependencies) = postProject
		{B235141E-0E8E-4551-A9B6-E9952F15C4F3} = {B235141E-0E8E-4551-A9B6-E9952F15C4F3}
		{5B840270-FA75-49D3-B44A-6581DCC4AF8C} = {5B840270-FA75-49D3-B44A-6581DCC4AF8C}
	EndProjectSection
EndProject
Project("{8BC9CEB8-8B4A-11D0-8D11-00A0C91BC942}") = "OrderWQInput1024Demo", "OrderWQInput1024Demo\OrderWQInput1024Demo.vcxproj", "{486FC3CB-3E80-4613-BC2C-22E47A88CAB5}"
EndProject
Project("{8BC9CEB8-8B4A-11D0-8D11-00A0C91BC942}") = "ParamAnalyse", "ParamAnalyse\ParamAnalyse.vcxproj", "{B235141E-0E8E-4551-A9B6-E9952F15C4F3}"
EndProject
Project("{8BC9CEB8-8B4A-11D0-8D11-00A0C91BC942}") = "SignalParamAnalyse_CUDA", "SignalParamAnalyse_CUDA\SignalParamAnalyse_CUDA.vcxproj", "{5B840270-FA75-49D3-B44A-6581DCC4AF8C}"
EndProject
Project("{2150E333-8FDC-42A3-9474-1A3956D46DE8}") = "参数测量项目", "参数测量项目", "{C3986C70-A262-4317-B405-197017FD343B}"
EndProject
Project("{2150E333-8FDC-42A3-9474-1A3956D46DE8}") = "自研工程", "自研工程", "{3792D064-3A2C-4AEF-96F3-C8A8A7D04438}"
EndProject
Project("{2150E333-8FDC-42A3-9474-1A3956D46DE8}") = "雷达信号分选", "雷达信号分选", "{2DE023F0-5CA3-42B7-8E62-4EB382218DC6}"
EndProject
Global
	GlobalSection(SolutionConfigurationPlatforms) = preSolution
		Debug|x64 = Debug|x64
		Debug|x86 = Debug|x86
		Release|x64 = Release|x64
		Release|x86 = Release|x86
	EndGlobalSection
	GlobalSection(ProjectConfigurationPlatforms) = postSolution
		{2E2EE7B3-A35B-458E-BAF6-368CD11BADA9}.Debug|x64.ActiveCfg = Debug|x64
		{2E2EE7B3-A35B-458E-BAF6-368CD11BADA9}.Debug|x64.Build.0 = Debug|x64
		{2E2EE7B3-A35B-458E-BAF6-368CD11BADA9}.Debug|x86.ActiveCfg = Debug|Win32
		{2E2EE7B3-A35B-458E-BAF6-368CD11BADA9}.Debug|x86.Build.0 = Debug|Win32
		{2E2EE7B3-A35B-458E-BAF6-368CD11BADA9}.Release|x64.ActiveCfg = Release|x64
		{2E2EE7B3-A35B-458E-BAF6-368CD11BADA9}.Release|x64.Build.0 = Release|x64
		{2E2EE7B3-A35B-458E-BAF6-368CD11BADA9}.Release|x86.ActiveCfg = Release|Win32
		{2E2EE7B3-A35B-458E-BAF6-368CD11BADA9}.Release|x86.Build.0 = Release|Win32
		{023FF03A-FE88-4073-9479-90969C3DE045}.Debug|x64.ActiveCfg = Debug|x64
		{023FF03A-FE88-4073-9479-90969C3DE045}.Debug|x64.Build.0 = Debug|x64
		{023FF03A-FE88-4073-9479-90969C3DE045}.Debug|x86.ActiveCfg = Debug|Win32
		{023FF03A-FE88-4073-9479-90969C3DE045}.Debug|x86.Build.0 = Debug|Win32
		{023FF03A-FE88-4073-9479-90969C3DE045}.Release|x64.ActiveCfg = Release|x64
		{023FF03A-FE88-4073-9479-90969C3DE045}.Release|x64.Build.0 = Release|x64
		{023FF03A-FE88-4073-9479-90969C3DE045}.Release|x86.ActiveCfg = Release|Win32
		{023FF03A-FE88-4073-9479-90969C3DE045}.Release|x86.Build.0 = Release|Win32
		{766AD41C-708A-4532-8287-5EF1F3C8AB69}.Debug|x64.ActiveCfg = Debug|x64
		{766AD41C-708A-4532-8287-5EF1F3C8AB69}.Debug|x64.Build.0 = Debug|x64
		{766AD41C-708A-4532-8287-5EF1F3C8AB69}.Debug|x86.ActiveCfg = Debug|Win32
		{766AD41C-708A-4532-8287-5EF1F3C8AB69}.Debug|x86.Build.0 = Debug|Win32
		{766AD41C-708A-4532-8287-5EF1F3C8AB69}.Release|x64.ActiveCfg = Release|x64
		{766AD41C-708A-4532-8287-5EF1F3C8AB69}.Release|x64.Build.0 = Release|x64
		{766AD41C-708A-4532-8287-5EF1F3C8AB69}.Release|x86.ActiveCfg = Release|Win32
		{766AD41C-708A-4532-8287-5EF1F3C8AB69}.Release|x86.Build.0 = Release|Win32
		{486FC3CB-3E80-4613-BC2C-22E47A88CAB5}.Debug|x64.ActiveCfg = Debug|x64
		{486FC3CB-3E80-4613-BC2C-22E47A88CAB5}.Debug|x64.Build.0 = Debug|x64
		{486FC3CB-3E80-4613-BC2C-22E47A88CAB5}.Debug|x86.ActiveCfg = Debug|Win32
		{486FC3CB-3E80-4613-BC2C-22E47A88CAB5}.Debug|x86.Build.0 = Debug|Win32
		{486FC3CB-3E80-4613-BC2C-22E47A88CAB5}.Release|x64.ActiveCfg = Release|x64
		{486FC3CB-3E80-4613-BC2C-22E47A88CAB5}.Release|x64.Build.0 = Release|x64
		{486FC3CB-3E80-4613-BC2C-22E47A88CAB5}.Release|x86.ActiveCfg = Release|Win32
		{486FC3CB-3E80-4613-BC2C-22E47A88CAB5}.Release|x86.Build.0 = Release|Win32
		{B235141E-0E8E-4551-A9B6-E9952F15C4F3}.Debug|x64.ActiveCfg = Debug|x64
		{B235141E-0E8E-4551-A9B6-E9952F15C4F3}.Debug|x64.Build.0 = Debug|x64
		{B235141E-0E8E-4551-A9B6-E9952F15C4F3}.Debug|x86.ActiveCfg = Debug|Win32
		{B235141E-0E8E-4551-A9B6-E9952F15C4F3}.Debug|x86.Build.0 = Debug|Win32
		{B235141E-0E8E-4551-A9B6-E9952F15C4F3}.Release|x64.ActiveCfg = Release|x64
		{B235141E-0E8E-4551-A9B6-E9952F15C4F3}.Release|x64.Build.0 = Release|x64
		{B235141E-0E8E-4551-A9B6-E9952F15C4F3}.Release|x86.ActiveCfg = Release|Win32
		{B235141E-0E8E-4551-A9B6-E9952F15C4F3}.Release|x86.Build.0 = Release|Win32
		{5B840270-FA75-49D3-B44A-6581DCC4AF8C}.Debug|x64.ActiveCfg = Debug|x64
		{5B840270-FA75-49D3-B44A-6581DCC4AF8C}.Debug|x64.Build.0 = Debug|x64
		{5B840270-FA75-49D3-B44A-6581DCC4AF8C}.Debug|x86.ActiveCfg = Debug|Win32
		{5B840270-FA75-49D3-B44A-6581DCC4AF8C}.Debug|x86.Build.0 = Debug|Win32
		{5B840270-FA75-49D3-B44A-6581DCC4AF8C}.Release|x64.ActiveCfg = Release|x64
		{5B840270-FA75-49D3-B44A-6581DCC4AF8C}.Release|x64.Build.0 = Release|x64
		{5B840270-FA75-49D3-B44A-6581DCC4AF8C}.Release|x86.ActiveCfg = Release|Win32
		{5B840270-FA75-49D3-B44A-6581DCC4AF8C}.Release|x86.Build.0 = Release|Win32
	EndGlobalSection
	GlobalSection(SolutionProperties) = preSolution
		HideSolutionNode = FALSE
	EndGlobalSection
	GlobalSection(NestedProjects) = preSolution
		{2E2EE7B3-A35B-458E-BAF6-368CD11BADA9} = {2DE023F0-5CA3-42B7-8E62-4EB382218DC6}
		{023FF03A-FE88-4073-9479-90969C3DE045} = {3792D064-3A2C-4AEF-96F3-C8A8A7D04438}
		{766AD41C-708A-4532-8287-5EF1F3C8AB69} = {C3986C70-A262-4317-B405-197017FD343B}
		{B235141E-0E8E-4551-A9B6-E9952F15C4F3} = {C3986C70-A262-4317-B405-197017FD343B}
		{5B840270-FA75-49D3-B44A-6581DCC4AF8C} = {C3986C70-A262-4317-B405-197017FD343B}
	EndGlobalSection
	GlobalSection(ExtensibilityGlobals) = postSolution
		SolutionGuid = {328B41E2-9FC1-412E-A4A3-A83D201F4342}
	EndGlobalSection
EndGlobal
